
Microsoft Visual Studio Solution File, Format Version 12.00
# Visual Studio Version 16
VisualStudioVersion = 16.0.30011.22
MinimumVisualStudioVersion = 10.0.40219.1
Project("{FAE04EC0-301F-11D3-BF4B-00C04F79EFBC}") = "radio_player_desktop", "radio_player_desktop\radio_player_desktop.csproj", "{C96DEF46-33AC-452B-AF6D-872B936CE98D}"
EndProject
Global
	GlobalSection(SolutionConfigurationPlatforms) = preSolution
		Debug|Any CPU = Debug|Any CPU
		Release|Any CPU = Release|Any CPU
	EndGlobalSection
	GlobalSection(ProjectConfigurationPlatforms) = postSolution
		{C96DEF46-33AC-452B-AF6D-872B936CE98D}.Debug|Any CPU.ActiveCfg = Debug|Any CPU
		{C96DEF46-33AC-452B-AF6D-872B936CE98D}.Debug|Any CPU.Build.0 = Debug|Any CPU
		{C96DEF46-33AC-452B-AF6D-872B936CE98D}.Release|Any CPU.ActiveCfg = Release|Any CPU
		{C96DEF46-33AC-452B-AF6D-872B936CE98D}.Release|Any CPU.Build.0 = Release|Any CPU
	EndGlobalSection
	GlobalSection(SolutionProperties) = preSolution
		HideSolutionNode = FALSE
	EndGlobalSection
	GlobalSection(ExtensibilityGlobals) = postSolution
		SolutionGuid = {C2A06A6F-7E3A-4A78-88F0-C632DC68664C}
	EndGlobalSection
EndGlobal
